
Microsoft Visual Studio Solution File, Format Version 11.00
# Visual Studio 2010
Project("{FAE04EC0-301F-11D3-BF4B-00C04F79EFBC}") = "WebNoteAOP", "WebNoteAOP\WebNoteAOP.csproj", "{38BF68D0-B4C6-4DBC-B7C0-0368E62ADA9B}"
EndProject
Project("{FAE04EC0-301F-11D3-BF4B-00C04F79EFBC}") = "WebNoteAOP.Tests", "WebNoteAOP.Tests\WebNoteAOP.Tests.csproj", "{F34AA978-A2E0-4530-8A77-20A9180811C3}"
EndProject
Project("{FAE04EC0-301F-11D3-BF4B-00C04F79EFBC}") = "PostsharpAspects", "PostsharpAspects\PostsharpAspects.csproj", "{7A1D1A2B-5011-4CC9-AC4D-A0941ADE343E}"
EndProject
Project("{2150E333-8FDC-42A3-9474-1A3956D46DE8}") = ".nuget", ".nuget", "{536BCB76-2EB1-47D1-B871-BDDD925C35AC}"
	ProjectSection(SolutionItems) = preProject
		.nuget\NuGet.Config = .nuget\NuGet.Config
		.nuget\NuGet.exe = .nuget\NuGet.exe
		.nuget\NuGet.targets = .nuget\NuGet.targets
	EndProjectSection
EndProject
Global
	GlobalSection(SolutionConfigurationPlatforms) = preSolution
		Debug|Any CPU = Debug|Any CPU
		Release|Any CPU = Release|Any CPU
	EndGlobalSection
	GlobalSection(ProjectConfigurationPlatforms) = postSolution
		{38BF68D0-B4C6-4DBC-B7C0-0368E62ADA9B}.Debug|Any CPU.ActiveCfg = Debug|Any CPU
		{38BF68D0-B4C6-4DBC-B7C0-0368E62ADA9B}.Debug|Any CPU.Build.0 = Debug|Any CPU
		{38BF68D0-B4C6-4DBC-B7C0-0368E62ADA9B}.Release|Any CPU.ActiveCfg = Release|Any CPU
		{38BF68D0-B4C6-4DBC-B7C0-0368E62ADA9B}.Release|Any CPU.Build.0 = Release|Any CPU
		{F34AA978-A2E0-4530-8A77-20A9180811C3}.Debug|Any CPU.ActiveCfg = Debug|Any CPU
		{F34AA978-A2E0-4530-8A77-20A9180811C3}.Debug|Any CPU.Build.0 = Debug|Any CPU
		{F34AA978-A2E0-4530-8A77-20A9180811C3}.Release|Any CPU.ActiveCfg = Release|Any CPU
		{F34AA978-A2E0-4530-8A77-20A9180811C3}.Release|Any CPU.Build.0 = Release|Any CPU
		{7A1D1A2B-5011-4CC9-AC4D-A0941ADE343E}.Debug|Any CPU.ActiveCfg = Debug|Any CPU
		{7A1D1A2B-5011-4CC9-AC4D-A0941ADE343E}.Debug|Any CPU.Build.0 = Debug|Any CPU
		{7A1D1A2B-5011-4CC9-AC4D-A0941ADE343E}.Release|Any CPU.ActiveCfg = Release|Any CPU
		{7A1D1A2B-5011-4CC9-AC4D-A0941ADE343E}.Release|Any CPU.Build.0 = Release|Any CPU
	EndGlobalSection
	GlobalSection(SolutionProperties) = preSolution
		HideSolutionNode = FALSE
	EndGlobalSection
	GlobalSection(ExtensibilityGlobals) = postSolution
		EnterpriseLibraryConfigurationToolBinariesPath = packages\Unity.2.1.505.0\lib\NET35
	EndGlobalSection
EndGlobal
